
Microsoft Visual Studio Solution File, Format Version 12.00
# Visual Studio Version 16
VisualStudioVersion = 16.0.31727.386
MinimumVisualStudioVersion = 10.0.40219.1
Project("{2150E333-8FDC-42A3-9474-1A3956D46DE8}") = "1.Presentation", "1.Presentation", "{64C858EE-FDD4-471E-83C6-65B1AD80F411}"
EndProject
Project("{2150E333-8FDC-42A3-9474-1A3956D46DE8}") = "2.Manager", "2.Manager", "{EF71DE6D-C65B-4B21-A21F-067D1D9E2B47}"
EndProject
Project("{2150E333-8FDC-42A3-9474-1A3956D46DE8}") = "3.DomainService", "3.DomainService", "{EFCE116A-9A1E-4CB9-916A-7D7D99524655}"
EndProject
Project("{2150E333-8FDC-42A3-9474-1A3956D46DE8}") = "4.Infrastructure", "4.Infrastructure", "{7A6B2248-480D-4C56-BFC9-5C22D6668493}"
EndProject
Project("{2150E333-8FDC-42A3-9474-1A3956D46DE8}") = "5.Model", "5.Model", "{B5D5AF5E-4C06-41FF-9538-36C25F8172A6}"
EndProject
Project("{2150E333-8FDC-42A3-9474-1A3956D46DE8}") = "External", "External", "{8B0CCA0B-AA73-4B05-A6ED-F0E78FAA12DF}"
EndProject
Project("{2150E333-8FDC-42A3-9474-1A3956D46DE8}") = "FileSystem", "FileSystem", "{456EABC4-50DF-4C70-A466-992985D19D79}"
EndProject
Project("{2150E333-8FDC-42A3-9474-1A3956D46DE8}") = "Persistent", "Persistent", "{A3F2A4D3-89B0-4F4F-8DBC-3F9129476DF4}"
EndProject
Project("{9A19103F-16F7-4668-BE54-9A1E7A4F7556}") = "Adform.Todo.Manager", "Adform.Todo.Manager\Adform.Todo.Manager.csproj", "{54912615-0E3C-4101-BF64-9E45292AD3E1}"
EndProject
Project("{9A19103F-16F7-4668-BE54-9A1E7A4F7556}") = "Adform.Todo.Manager.Default", "Adform.Todo.Manager.Default\Adform.Todo.Manager.Default.csproj", "{F69D61D9-8B87-4152-90F8-52E0A34580D3}"
EndProject
Project("{9A19103F-16F7-4668-BE54-9A1E7A4F7556}") = "Adform.Todo.Dto", "Adform.Todo.Dto\Adform.Todo.Dto.csproj", "{F9B431FA-0237-4510-AF79-95C70BF97BB1}"
EndProject
Project("{9A19103F-16F7-4668-BE54-9A1E7A4F7556}") = "Adform.Todo.Wireup", "Adform.Todo.Wireup\Adform.Todo.Wireup.csproj", "{D256F6EC-4652-488B-84A2-D5641ECF9691}"
EndProject
Project("{9A19103F-16F7-4668-BE54-9A1E7A4F7556}") = "Adform.Todo.Database", "Adform.Todo.Database\Adform.Todo.Database.csproj", "{25533D94-143C-46E5-869A-6ED2AE493BC9}"
EndProject
Project("{9A19103F-16F7-4668-BE54-9A1E7A4F7556}") = "Adform.Todo.Database.Sql", "Adform.Todo.Database.Sql\Adform.Todo.Database.Sql.csproj", "{409050B6-2506-4CE9-85BB-92F23AD2A0E2}"
EndProject
Project("{9A19103F-16F7-4668-BE54-9A1E7A4F7556}") = "Adform.Todo.DomainService", "Adform.Todo.DomainService\Adform.Todo.DomainService.csproj", "{71556434-F102-4053-87FE-09B7815DD914}"
EndProject
Project("{9A19103F-16F7-4668-BE54-9A1E7A4F7556}") = "Adform.Todo.DomainService.Default", "Adform.Todo.DomainService.Default\Adform.Todo.DomainService.Default.csproj", "{DFC42D5A-3185-4B2D-8625-DFBB14EF7158}"
EndProject
Project("{9A19103F-16F7-4668-BE54-9A1E7A4F7556}") = "Adform.Todo.Model", "Adform.Todo.Model\Adform.Todo.Model.csproj", "{7BF24258-EDD6-48E3-9BEF-94BAC9A37099}"
EndProject
Project("{9A19103F-16F7-4668-BE54-9A1E7A4F7556}") = "SeriLogger.DbLogger", "SeriLogger\SeriLogger.DbLogger.csproj", "{8B40706C-038E-43B0-9410-E84411861FE8}"
EndProject
Project("{2150E333-8FDC-42A3-9474-1A3956D46DE8}") = "Utility", "Utility", "{CEE3639A-9D42-4986-BB1B-CD4ECCAD0D1C}"
EndProject
Project("{2150E333-8FDC-42A3-9474-1A3956D46DE8}") = "Solution Items", "Solution Items", "{1F8D47A6-DDE3-4737-B078-F6B2825CB41A}"
	ProjectSection(SolutionItems) = preProject
		.editorconfig = .editorconfig
	EndProjectSection
EndProject
Project("{9A19103F-16F7-4668-BE54-9A1E7A4F7556}") = "Adform.Todo.Manager.Test", "Adform.Todo.Manager.Test\Adform.Todo.Manager.Test.csproj", "{7B663BEF-520D-4C0E-8DF4-CF2CAEECE38A}"
EndProject
Project("{9A19103F-16F7-4668-BE54-9A1E7A4F7556}") = "Adform.Todo.Database.Sql.Test", "Adform.Todo.Database.Sql.Test\Adform.Todo.Database.Sql.Test.csproj", "{E15C5A0B-908F-4D4F-B219-7BDDCC365040}"
EndProject
Project("{9A19103F-16F7-4668-BE54-9A1E7A4F7556}") = "SeriLogger.DbLogger.Test", "SeriLogger.DbLogger.Test\SeriLogger.DbLogger.Test.csproj", "{3744DC85-9951-489A-96F7-E098B30D5C9D}"
EndProject
Project("{9A19103F-16F7-4668-BE54-9A1E7A4F7556}") = "Adform.Todo.Api.Test", "Adform.Todo.Api.Test\Adform.Todo.Api.Test.csproj", "{9842D16E-6FB1-4FC0-AE03-2C72B57C32D4}"
EndProject
Project("{9A19103F-16F7-4668-BE54-9A1E7A4F7556}") = "Adform.Todo.Api", "Adform.Todo.Api\Adform.Todo.Api.csproj", "{53A9B8D1-7173-48A8-9392-8FF5B6629CF9}"
EndProject
Global
	GlobalSection(SolutionConfigurationPlatforms) = preSolution
		Debug|Any CPU = Debug|Any CPU
		Release|Any CPU = Release|Any CPU
	EndGlobalSection
	GlobalSection(ProjectConfigurationPlatforms) = postSolution
		{54912615-0E3C-4101-BF64-9E45292AD3E1}.Debug|Any CPU.ActiveCfg = Debug|Any CPU
		{54912615-0E3C-4101-BF64-9E45292AD3E1}.Debug|Any CPU.Build.0 = Debug|Any CPU
		{54912615-0E3C-4101-BF64-9E45292AD3E1}.Release|Any CPU.ActiveCfg = Release|Any CPU
		{54912615-0E3C-4101-BF64-9E45292AD3E1}.Release|Any CPU.Build.0 = Release|Any CPU
		{F69D61D9-8B87-4152-90F8-52E0A34580D3}.Debug|Any CPU.ActiveCfg = Debug|Any CPU
		{F69D61D9-8B87-4152-90F8-52E0A34580D3}.Debug|Any CPU.Build.0 = Debug|Any CPU
		{F69D61D9-8B87-4152-90F8-52E0A34580D3}.Release|Any CPU.ActiveCfg = Release|Any CPU
		{F69D61D9-8B87-4152-90F8-52E0A34580D3}.Release|Any CPU.Build.0 = Release|Any CPU
		{F9B431FA-0237-4510-AF79-95C70BF97BB1}.Debug|Any CPU.ActiveCfg = Debug|Any CPU
		{F9B431FA-0237-4510-AF79-95C70BF97BB1}.Debug|Any CPU.Build.0 = Debug|Any CPU
		{F9B431FA-0237-4510-AF79-95C70BF97BB1}.Release|Any CPU.ActiveCfg = Release|Any CPU
		{F9B431FA-0237-4510-AF79-95C70BF97BB1}.Release|Any CPU.Build.0 = Release|Any CPU
		{D256F6EC-4652-488B-84A2-D5641ECF9691}.Debug|Any CPU.ActiveCfg = Debug|Any CPU
		{D256F6EC-4652-488B-84A2-D5641ECF9691}.Debug|Any CPU.Build.0 = Debug|Any CPU
		{D256F6EC-4652-488B-84A2-D5641ECF9691}.Release|Any CPU.ActiveCfg = Release|Any CPU
		{D256F6EC-4652-488B-84A2-D5641ECF9691}.Release|Any CPU.Build.0 = Release|Any CPU
		{25533D94-143C-46E5-869A-6ED2AE493BC9}.Debug|Any CPU.ActiveCfg = Debug|Any CPU
		{25533D94-143C-46E5-869A-6ED2AE493BC9}.Debug|Any CPU.Build.0 = Debug|Any CPU
		{25533D94-143C-46E5-869A-6ED2AE493BC9}.Release|Any CPU.ActiveCfg = Release|Any CPU
		{25533D94-143C-46E5-869A-6ED2AE493BC9}.Release|Any CPU.Build.0 = Release|Any CPU
		{409050B6-2506-4CE9-85BB-92F23AD2A0E2}.Debug|Any CPU.ActiveCfg = Debug|Any CPU
		{409050B6-2506-4CE9-85BB-92F23AD2A0E2}.Debug|Any CPU.Build.0 = Debug|Any CPU
		{409050B6-2506-4CE9-85BB-92F23AD2A0E2}.Release|Any CPU.ActiveCfg = Release|Any CPU
		{409050B6-2506-4CE9-85BB-92F23AD2A0E2}.Release|Any CPU.Build.0 = Release|Any CPU
		{71556434-F102-4053-87FE-09B7815DD914}.Debug|Any CPU.ActiveCfg = Debug|Any CPU
		{71556434-F102-4053-87FE-09B7815DD914}.Debug|Any CPU.Build.0 = Debug|Any CPU
		{71556434-F102-4053-87FE-09B7815DD914}.Release|Any CPU.ActiveCfg = Release|Any CPU
		{71556434-F102-4053-87FE-09B7815DD914}.Release|Any CPU.Build.0 = Release|Any CPU
		{DFC42D5A-3185-4B2D-8625-DFBB14EF7158}.Debug|Any CPU.ActiveCfg = Debug|Any CPU
		{DFC42D5A-3185-4B2D-8625-DFBB14EF7158}.Debug|Any CPU.Build.0 = Debug|Any CPU
		{DFC42D5A-3185-4B2D-8625-DFBB14EF7158}.Release|Any CPU.ActiveCfg = Release|Any CPU
		{DFC42D5A-3185-4B2D-8625-DFBB14EF7158}.Release|Any CPU.Build.0 = Release|Any CPU
		{7BF24258-EDD6-48E3-9BEF-94BAC9A37099}.Debug|Any CPU.ActiveCfg = Debug|Any CPU
		{7BF24258-EDD6-48E3-9BEF-94BAC9A37099}.Debug|Any CPU.Build.0 = Debug|Any CPU
		{7BF24258-EDD6-48E3-9BEF-94BAC9A37099}.Release|Any CPU.ActiveCfg = Release|Any CPU
		{7BF24258-EDD6-48E3-9BEF-94BAC9A37099}.Release|Any CPU.Build.0 = Release|Any CPU
		{8B40706C-038E-43B0-9410-E84411861FE8}.Debug|Any CPU.ActiveCfg = Debug|Any CPU
		{8B40706C-038E-43B0-9410-E84411861FE8}.Debug|Any CPU.Build.0 = Debug|Any CPU
		{8B40706C-038E-43B0-9410-E84411861FE8}.Release|Any CPU.ActiveCfg = Release|Any CPU
		{8B40706C-038E-43B0-9410-E84411861FE8}.Release|Any CPU.Build.0 = Release|Any CPU
		{7B663BEF-520D-4C0E-8DF4-CF2CAEECE38A}.Debug|Any CPU.ActiveCfg = Debug|Any CPU
		{7B663BEF-520D-4C0E-8DF4-CF2CAEECE38A}.Debug|Any CPU.Build.0 = Debug|Any CPU
		{7B663BEF-520D-4C0E-8DF4-CF2CAEECE38A}.Release|Any CPU.ActiveCfg = Release|Any CPU
		{7B663BEF-520D-4C0E-8DF4-CF2CAEECE38A}.Release|Any CPU.Build.0 = Release|Any CPU
		{E15C5A0B-908F-4D4F-B219-7BDDCC365040}.Debug|Any CPU.ActiveCfg = Debug|Any CPU
		{E15C5A0B-908F-4D4F-B219-7BDDCC365040}.Debug|Any CPU.Build.0 = Debug|Any CPU
		{E15C5A0B-908F-4D4F-B219-7BDDCC365040}.Release|Any CPU.ActiveCfg = Release|Any CPU
		{E15C5A0B-908F-4D4F-B219-7BDDCC365040}.Release|Any CPU.Build.0 = Release|Any CPU
		{3744DC85-9951-489A-96F7-E098B30D5C9D}.Debug|Any CPU.ActiveCfg = Debug|Any CPU
		{3744DC85-9951-489A-96F7-E098B30D5C9D}.Debug|Any CPU.Build.0 = Debug|Any CPU
		{3744DC85-9951-489A-96F7-E098B30D5C9D}.Release|Any CPU.ActiveCfg = Release|Any CPU
		{3744DC85-9951-489A-96F7-E098B30D5C9D}.Release|Any CPU.Build.0 = Release|Any CPU
		{9842D16E-6FB1-4FC0-AE03-2C72B57C32D4}.Debug|Any CPU.ActiveCfg = Debug|Any CPU
		{9842D16E-6FB1-4FC0-AE03-2C72B57C32D4}.Debug|Any CPU.Build.0 = Debug|Any CPU
		{9842D16E-6FB1-4FC0-AE03-2C72B57C32D4}.Release|Any CPU.ActiveCfg = Release|Any CPU
		{9842D16E-6FB1-4FC0-AE03-2C72B57C32D4}.Release|Any CPU.Build.0 = Release|Any CPU
		{53A9B8D1-7173-48A8-9392-8FF5B6629CF9}.Debug|Any CPU.ActiveCfg = Debug|Any CPU
		{53A9B8D1-7173-48A8-9392-8FF5B6629CF9}.Debug|Any CPU.Build.0 = Debug|Any CPU
		{53A9B8D1-7173-48A8-9392-8FF5B6629CF9}.Release|Any CPU.ActiveCfg = Release|Any CPU
		{53A9B8D1-7173-48A8-9392-8FF5B6629CF9}.Release|Any CPU.Build.0 = Release|Any CPU
	EndGlobalSection
	GlobalSection(SolutionProperties) = preSolution
		HideSolutionNode = FALSE
	EndGlobalSection
	GlobalSection(NestedProjects) = preSolution
		{8B0CCA0B-AA73-4B05-A6ED-F0E78FAA12DF} = {7A6B2248-480D-4C56-BFC9-5C22D6668493}
		{456EABC4-50DF-4C70-A466-992985D19D79} = {7A6B2248-480D-4C56-BFC9-5C22D6668493}
		{A3F2A4D3-89B0-4F4F-8DBC-3F9129476DF4} = {7A6B2248-480D-4C56-BFC9-5C22D6668493}
		{54912615-0E3C-4101-BF64-9E45292AD3E1} = {EF71DE6D-C65B-4B21-A21F-067D1D9E2B47}
		{F69D61D9-8B87-4152-90F8-52E0A34580D3} = {EF71DE6D-C65B-4B21-A21F-067D1D9E2B47}
		{F9B431FA-0237-4510-AF79-95C70BF97BB1} = {EF71DE6D-C65B-4B21-A21F-067D1D9E2B47}
		{D256F6EC-4652-488B-84A2-D5641ECF9691} = {64C858EE-FDD4-471E-83C6-65B1AD80F411}
		{25533D94-143C-46E5-869A-6ED2AE493BC9} = {A3F2A4D3-89B0-4F4F-8DBC-3F9129476DF4}
		{409050B6-2506-4CE9-85BB-92F23AD2A0E2} = {A3F2A4D3-89B0-4F4F-8DBC-3F9129476DF4}
		{71556434-F102-4053-87FE-09B7815DD914} = {EFCE116A-9A1E-4CB9-916A-7D7D99524655}
		{DFC42D5A-3185-4B2D-8625-DFBB14EF7158} = {EFCE116A-9A1E-4CB9-916A-7D7D99524655}
		{7BF24258-EDD6-48E3-9BEF-94BAC9A37099} = {B5D5AF5E-4C06-41FF-9538-36C25F8172A6}
		{8B40706C-038E-43B0-9410-E84411861FE8} = {CEE3639A-9D42-4986-BB1B-CD4ECCAD0D1C}
		{7B663BEF-520D-4C0E-8DF4-CF2CAEECE38A} = {EF71DE6D-C65B-4B21-A21F-067D1D9E2B47}
		{E15C5A0B-908F-4D4F-B219-7BDDCC365040} = {A3F2A4D3-89B0-4F4F-8DBC-3F9129476DF4}
		{3744DC85-9951-489A-96F7-E098B30D5C9D} = {CEE3639A-9D42-4986-BB1B-CD4ECCAD0D1C}
		{9842D16E-6FB1-4FC0-AE03-2C72B57C32D4} = {64C858EE-FDD4-471E-83C6-65B1AD80F411}
		{53A9B8D1-7173-48A8-9392-8FF5B6629CF9} = {64C858EE-FDD4-471E-83C6-65B1AD80F411}
	EndGlobalSection
	GlobalSection(ExtensibilityGlobals) = postSolution
		SolutionGuid = {AF0E16F2-4158-4AD0-9F9E-B95306FF781F}
	EndGlobalSection
EndGlobal
